
Microsoft Visual Studio Solution File, Format Version 12.00
# Visual Studio Version 16
VisualStudioVersion = 16.0.30907.101
MinimumVisualStudioVersion = 10.0.40219.1
Project("{9A19103F-16F7-4668-BE54-9A1E7A4F7556}") = "ClassMethodDemo", "ClassMethodDemo\ClassMethodDemo.csproj", "{F20E6520-378B-4447-B0DC-2A00239FADC0}"
EndProject
Project("{FAE04EC0-301F-11D3-BF4B-00C04F79EFBC}") = "MyDictionary", "MyDictionary\MyDictionary.csproj", "{746C187E-C716-4815-ADB1-8F43FAB3BCBD}"
EndProject
Global
	GlobalSection(SolutionConfigurationPlatforms) = preSolution
		Debug|Any CPU = Debug|Any CPU
		Release|Any CPU = Release|Any CPU
	EndGlobalSection
	GlobalSection(ProjectConfigurationPlatforms) = postSolution
		{F20E6520-378B-4447-B0DC-2A00239FADC0}.Debug|Any CPU.ActiveCfg = Debug|Any CPU
		{F20E6520-378B-4447-B0DC-2A00239FADC0}.Debug|Any CPU.Build.0 = Debug|Any CPU
		{F20E6520-378B-4447-B0DC-2A00239FADC0}.Release|Any CPU.ActiveCfg = Release|Any CPU
		{F20E6520-378B-4447-B0DC-2A00239FADC0}.Release|Any CPU.Build.0 = Release|Any CPU
		{746C187E-C716-4815-ADB1-8F43FAB3BCBD}.Debug|Any CPU.ActiveCfg = Debug|Any CPU
		{746C187E-C716-4815-ADB1-8F43FAB3BCBD}.Debug|Any CPU.Build.0 = Debug|Any CPU
		{746C187E-C716-4815-ADB1-8F43FAB3BCBD}.Release|Any CPU.ActiveCfg = Release|Any CPU
		{746C187E-C716-4815-ADB1-8F43FAB3BCBD}.Release|Any CPU.Build.0 = Release|Any CPU
	EndGlobalSection
	GlobalSection(SolutionProperties) = preSolution
		HideSolutionNode = FALSE
	EndGlobalSection
	GlobalSection(ExtensibilityGlobals) = postSolution
		SolutionGuid = {9A42BC09-315F-4995-84A9-66BF9E51BC08}
	EndGlobalSection
EndGlobal
